{
  "name": "snowberry-globbing-conformance-generator",
  "lockfileVersion": 3,
  "requires": true,
  "packages": {
    "": {
      "name": "snowberry-globbing-conformance-generator",
      "dependencies": {
        "picomatch": "git+https://github.com/micromatch/picomatch.git#9fab7bf61913ea334c4203ed321c426cfde44a42"
      }
    },
    "node_modules/picomatch": {
      "version": "4.0.7",
      "resolved": "git+ssh://git@github.com/micromatch/picomatch.git#9fab7bf61913ea334c4203ed321c426cfde44a42",
      "integrity": "sha512-ixH3hhEgqOyE2TeFdGc5jLIC/lwne76khlkKl2BnSo1QAwUDk0VzhT0+3t4EDSixtT0vXtO7HVUnXx0FmPH9cg==",
      "license": "MIT",
      "engines": {
        "node": ">=12"
      },
      "funding": {
        "url": "https://github.com/sponsors/jonschlinkert"
      }
    }
  }
}
